
Microsoft Visual Studio Solution File, Format Version 12.00
# Visual Studio Version 16
VisualStudioVersion = 16.0.32228.343
MinimumVisualStudioVersion = 10.0.40219.1
Project("{9A19103F-16F7-4668-BE54-9A1E7A4F7556}") = "DataStructure", "DataStructure\DataStructure.csproj", "{38695C14-4DA9-43F3-B956-C3DD66A58F55}"
EndProject
Project("{9A19103F-16F7-4668-BE54-9A1E7A4F7556}") = "TestProject1", "TestProject1\TestProject1.csproj", "{DC209D87-A65A-4ACB-A4AB-C0CBB4F47FDA}"
EndProject
Project("{9A19103F-16F7-4668-BE54-9A1E7A4F7556}") = "Test-linkedList", "Test-linkedList\Test-linkedList.csproj", "{2F0343D2-4376-4DA1-A454-186A2A7543A9}"
EndProject
Project("{9A19103F-16F7-4668-BE54-9A1E7A4F7556}") = "Testkth", "Testkth\Testkth.csproj", "{5FFA4328-BF23-4279-A6FB-55D261C79259}"
EndProject
Project("{9A19103F-16F7-4668-BE54-9A1E7A4F7556}") = "Test_Zip", "Test_Zip\Test_Zip.csproj", "{5BED98D6-D796-43C7-B960-0E4870B0A6EA}"
EndProject
Project("{9A19103F-16F7-4668-BE54-9A1E7A4F7556}") = "Test-Stack-Queue", "Test-Stack-Queue\Test-Stack-Queue.csproj", "{9FE09E5E-439F-455D-85DB-CB90EF115254}"
EndProject
Project("{9A19103F-16F7-4668-BE54-9A1E7A4F7556}") = "Test_Pseudo", "Test_Pseudo\Test_Pseudo.csproj", "{A0AC1D99-F9C0-4316-AB60-F85EE275C39B}"
EndProject
Project("{9A19103F-16F7-4668-BE54-9A1E7A4F7556}") = "Test_Animal_Shelter", "Test_Animal_Shelter\Test_Animal_Shelter.csproj", "{4444C547-51B2-4059-B999-5D7EA741ED13}"
EndProject
Project("{9A19103F-16F7-4668-BE54-9A1E7A4F7556}") = "Test_Brackets", "Test_Brackets\Test_Brackets.csproj", "{4A60E16A-83C3-4313-A30F-D0E53B6A0F1D}"
EndProject
Project("{9A19103F-16F7-4668-BE54-9A1E7A4F7556}") = "TestTrees", "TestTrees\TestTrees.csproj", "{03E51514-D5DD-4017-90BA-9B9D8E4F5513}"
EndProject
Project("{9A19103F-16F7-4668-BE54-9A1E7A4F7556}") = "TestMaxTree", "TestMaxTree\TestMaxTree.csproj", "{95B84725-5FC4-4ADE-B6FF-A94E8EA4DC97}"
EndProject
Project("{9A19103F-16F7-4668-BE54-9A1E7A4F7556}") = "TestBreadth", "TestBreadth\TestBreadth.csproj", "{17CE3288-9357-489A-98BD-B27D27B193D7}"
EndProject
Project("{9A19103F-16F7-4668-BE54-9A1E7A4F7556}") = "Test_Fizz_Buzz", "Test_Fizz_Buzz\Test_Fizz_Buzz.csproj", "{A5D8BE76-D176-4C01-90D7-D6D353FDD39A}"
EndProject
Project("{9A19103F-16F7-4668-BE54-9A1E7A4F7556}") = "Test_Insertion_Sort", "Test_Insertion_Sort\Test_Insertion_Sort.csproj", "{D0193C50-9E41-4E80-8264-80318FAB450B}"
EndProject
Project("{9A19103F-16F7-4668-BE54-9A1E7A4F7556}") = "Test_Merge_Sort", "Test_Merge_Sort\Test_Merge_Sort.csproj", "{F1AF912D-9169-47A3-9ED2-2E7C41334955}"
EndProject
Project("{9A19103F-16F7-4668-BE54-9A1E7A4F7556}") = "Test_Quick_Sort", "Test_Quick_Sort\Test_Quick_Sort.csproj", "{92EB8295-A6F6-4B82-B706-FE90F4677D4C}"
EndProject
Project("{9A19103F-16F7-4668-BE54-9A1E7A4F7556}") = "Test_Hash_Table", "Test_Hash_Table\Test_Hash_Table.csproj", "{77C99039-1ECE-4224-9474-B04B7D63AA90}"
EndProject
Project("{FAE04EC0-301F-11D3-BF4B-00C04F79EFBC}") = "Test_Repeated_Word", "Test_Repeated_Word\Test_Repeated_Word.csproj", "{86C122C8-4922-4F04-A318-A5A568909D29}"
EndProject
Global
	GlobalSection(SolutionConfigurationPlatforms) = preSolution
		Debug|Any CPU = Debug|Any CPU
		Release|Any CPU = Release|Any CPU
	EndGlobalSection
	GlobalSection(ProjectConfigurationPlatforms) = postSolution
		{38695C14-4DA9-43F3-B956-C3DD66A58F55}.Debug|Any CPU.ActiveCfg = Debug|Any CPU
		{38695C14-4DA9-43F3-B956-C3DD66A58F55}.Debug|Any CPU.Build.0 = Debug|Any CPU
		{38695C14-4DA9-43F3-B956-C3DD66A58F55}.Release|Any CPU.ActiveCfg = Release|Any CPU
		{38695C14-4DA9-43F3-B956-C3DD66A58F55}.Release|Any CPU.Build.0 = Release|Any CPU
		{DC209D87-A65A-4ACB-A4AB-C0CBB4F47FDA}.Debug|Any CPU.ActiveCfg = Debug|Any CPU
		{DC209D87-A65A-4ACB-A4AB-C0CBB4F47FDA}.Debug|Any CPU.Build.0 = Debug|Any CPU
		{DC209D87-A65A-4ACB-A4AB-C0CBB4F47FDA}.Release|Any CPU.ActiveCfg = Release|Any CPU
		{DC209D87-A65A-4ACB-A4AB-C0CBB4F47FDA}.Release|Any CPU.Build.0 = Release|Any CPU
		{2F0343D2-4376-4DA1-A454-186A2A7543A9}.Debug|Any CPU.ActiveCfg = Debug|Any CPU
		{2F0343D2-4376-4DA1-A454-186A2A7543A9}.Debug|Any CPU.Build.0 = Debug|Any CPU
		{2F0343D2-4376-4DA1-A454-186A2A7543A9}.Release|Any CPU.ActiveCfg = Release|Any CPU
		{2F0343D2-4376-4DA1-A454-186A2A7543A9}.Release|Any CPU.Build.0 = Release|Any CPU
		{5FFA4328-BF23-4279-A6FB-55D261C79259}.Debug|Any CPU.ActiveCfg = Debug|Any CPU
		{5FFA4328-BF23-4279-A6FB-55D261C79259}.Debug|Any CPU.Build.0 = Debug|Any CPU
		{5FFA4328-BF23-4279-A6FB-55D261C79259}.Release|Any CPU.ActiveCfg = Release|Any CPU
		{5FFA4328-BF23-4279-A6FB-55D261C79259}.Release|Any CPU.Build.0 = Release|Any CPU
		{5BED98D6-D796-43C7-B960-0E4870B0A6EA}.Debug|Any CPU.ActiveCfg = Debug|Any CPU
		{5BED98D6-D796-43C7-B960-0E4870B0A6EA}.Debug|Any CPU.Build.0 = Debug|Any CPU
		{5BED98D6-D796-43C7-B960-0E4870B0A6EA}.Release|Any CPU.ActiveCfg = Release|Any CPU
		{5BED98D6-D796-43C7-B960-0E4870B0A6EA}.Release|Any CPU.Build.0 = Release|Any CPU
		{9FE09E5E-439F-455D-85DB-CB90EF115254}.Debug|Any CPU.ActiveCfg = Debug|Any CPU
		{9FE09E5E-439F-455D-85DB-CB90EF115254}.Debug|Any CPU.Build.0 = Debug|Any CPU
		{9FE09E5E-439F-455D-85DB-CB90EF115254}.Release|Any CPU.ActiveCfg = Release|Any CPU
		{9FE09E5E-439F-455D-85DB-CB90EF115254}.Release|Any CPU.Build.0 = Release|Any CPU
		{A0AC1D99-F9C0-4316-AB60-F85EE275C39B}.Debug|Any CPU.ActiveCfg = Debug|Any CPU
		{A0AC1D99-F9C0-4316-AB60-F85EE275C39B}.Debug|Any CPU.Build.0 = Debug|Any CPU
		{A0AC1D99-F9C0-4316-AB60-F85EE275C39B}.Release|Any CPU.ActiveCfg = Release|Any CPU
		{A0AC1D99-F9C0-4316-AB60-F85EE275C39B}.Release|Any CPU.Build.0 = Release|Any CPU
		{4444C547-51B2-4059-B999-5D7EA741ED13}.Debug|Any CPU.ActiveCfg = Debug|Any CPU
		{4444C547-51B2-4059-B999-5D7EA741ED13}.Debug|Any CPU.Build.0 = Debug|Any CPU
		{4444C547-51B2-4059-B999-5D7EA741ED13}.Release|Any CPU.ActiveCfg = Release|Any CPU
		{4444C547-51B2-4059-B999-5D7EA741ED13}.Release|Any CPU.Build.0 = Release|Any CPU
		{4A60E16A-83C3-4313-A30F-D0E53B6A0F1D}.Debug|Any CPU.ActiveCfg = Debug|Any CPU
		{4A60E16A-83C3-4313-A30F-D0E53B6A0F1D}.Debug|Any CPU.Build.0 = Debug|Any CPU
		{4A60E16A-83C3-4313-A30F-D0E53B6A0F1D}.Release|Any CPU.ActiveCfg = Release|Any CPU
		{4A60E16A-83C3-4313-A30F-D0E53B6A0F1D}.Release|Any CPU.Build.0 = Release|Any CPU
		{03E51514-D5DD-4017-90BA-9B9D8E4F5513}.Debug|Any CPU.ActiveCfg = Debug|Any CPU
		{03E51514-D5DD-4017-90BA-9B9D8E4F5513}.Debug|Any CPU.Build.0 = Debug|Any CPU
		{03E51514-D5DD-4017-90BA-9B9D8E4F5513}.Release|Any CPU.ActiveCfg = Release|Any CPU
		{03E51514-D5DD-4017-90BA-9B9D8E4F5513}.Release|Any CPU.Build.0 = Release|Any CPU
		{95B84725-5FC4-4ADE-B6FF-A94E8EA4DC97}.Debug|Any CPU.ActiveCfg = Debug|Any CPU
		{95B84725-5FC4-4ADE-B6FF-A94E8EA4DC97}.Debug|Any CPU.Build.0 = Debug|Any CPU
		{95B84725-5FC4-4ADE-B6FF-A94E8EA4DC97}.Release|Any CPU.ActiveCfg = Release|Any CPU
		{95B84725-5FC4-4ADE-B6FF-A94E8EA4DC97}.Release|Any CPU.Build.0 = Release|Any CPU
		{17CE3288-9357-489A-98BD-B27D27B193D7}.Debug|Any CPU.ActiveCfg = Debug|Any CPU
		{17CE3288-9357-489A-98BD-B27D27B193D7}.Debug|Any CPU.Build.0 = Debug|Any CPU
		{17CE3288-9357-489A-98BD-B27D27B193D7}.Release|Any CPU.ActiveCfg = Release|Any CPU
		{17CE3288-9357-489A-98BD-B27D27B193D7}.Release|Any CPU.Build.0 = Release|Any CPU
		{A5D8BE76-D176-4C01-90D7-D6D353FDD39A}.Debug|Any CPU.ActiveCfg = Debug|Any CPU
		{A5D8BE76-D176-4C01-90D7-D6D353FDD39A}.Debug|Any CPU.Build.0 = Debug|Any CPU
		{A5D8BE76-D176-4C01-90D7-D6D353FDD39A}.Release|Any CPU.ActiveCfg = Release|Any CPU
		{A5D8BE76-D176-4C01-90D7-D6D353FDD39A}.Release|Any CPU.Build.0 = Release|Any CPU
		{D0193C50-9E41-4E80-8264-80318FAB450B}.Debug|Any CPU.ActiveCfg = Debug|Any CPU
		{D0193C50-9E41-4E80-8264-80318FAB450B}.Debug|Any CPU.Build.0 = Debug|Any CPU
		{D0193C50-9E41-4E80-8264-80318FAB450B}.Release|Any CPU.ActiveCfg = Release|Any CPU
		{D0193C50-9E41-4E80-8264-80318FAB450B}.Release|Any CPU.Build.0 = Release|Any CPU
		{F1AF912D-9169-47A3-9ED2-2E7C41334955}.Debug|Any CPU.ActiveCfg = Debug|Any CPU
		{F1AF912D-9169-47A3-9ED2-2E7C41334955}.Debug|Any CPU.Build.0 = Debug|Any CPU
		{F1AF912D-9169-47A3-9ED2-2E7C41334955}.Release|Any CPU.ActiveCfg = Release|Any CPU
		{F1AF912D-9169-47A3-9ED2-2E7C41334955}.Release|Any CPU.Build.0 = Release|Any CPU
		{92EB8295-A6F6-4B82-B706-FE90F4677D4C}.Debug|Any CPU.ActiveCfg = Debug|Any CPU
		{92EB8295-A6F6-4B82-B706-FE90F4677D4C}.Debug|Any CPU.Build.0 = Debug|Any CPU
		{92EB8295-A6F6-4B82-B706-FE90F4677D4C}.Release|Any CPU.ActiveCfg = Release|Any CPU
		{92EB8295-A6F6-4B82-B706-FE90F4677D4C}.Release|Any CPU.Build.0 = Release|Any CPU
		{77C99039-1ECE-4224-9474-B04B7D63AA90}.Debug|Any CPU.ActiveCfg = Debug|Any CPU
		{77C99039-1ECE-4224-9474-B04B7D63AA90}.Debug|Any CPU.Build.0 = Debug|Any CPU
		{77C99039-1ECE-4224-9474-B04B7D63AA90}.Release|Any CPU.ActiveCfg = Release|Any CPU
		{77C99039-1ECE-4224-9474-B04B7D63AA90}.Release|Any CPU.Build.0 = Release|Any CPU
		{86C122C8-4922-4F04-A318-A5A568909D29}.Debug|Any CPU.ActiveCfg = Debug|Any CPU
		{86C122C8-4922-4F04-A318-A5A568909D29}.Debug|Any CPU.Build.0 = Debug|Any CPU
		{86C122C8-4922-4F04-A318-A5A568909D29}.Release|Any CPU.ActiveCfg = Release|Any CPU
		{86C122C8-4922-4F04-A318-A5A568909D29}.Release|Any CPU.Build.0 = Release|Any CPU
	EndGlobalSection
	GlobalSection(SolutionProperties) = preSolution
		HideSolutionNode = FALSE
	EndGlobalSection
	GlobalSection(ExtensibilityGlobals) = postSolution
		SolutionGuid = {08755E4F-D015-4E6A-BE77-32AF52B08301}
	EndGlobalSection
EndGlobal
