
Microsoft Visual Studio Solution File, Format Version 12.00
# Visual Studio Version 16
VisualStudioVersion = 16.0.32228.343
MinimumVisualStudioVersion = 10.0.40219.1
Project("{FAE04EC0-301F-11D3-BF4B-00C04F79EFBC}") = "DataStructure", "DataStructure\DataStructure.csproj", "{38695C14-4DA9-43F3-B956-C3DD66A58F55}"
EndProject
Global
	GlobalSection(SolutionConfigurationPlatforms) = preSolution
		Debug|Any CPU = Debug|Any CPU
		Release|Any CPU = Release|Any CPU
	EndGlobalSection
	GlobalSection(ProjectConfigurationPlatforms) = postSolution
		{38695C14-4DA9-43F3-B956-C3DD66A58F55}.Debug|Any CPU.ActiveCfg = Debug|Any CPU
		{38695C14-4DA9-43F3-B956-C3DD66A58F55}.Debug|Any CPU.Build.0 = Debug|Any CPU
		{38695C14-4DA9-43F3-B956-C3DD66A58F55}.Release|Any CPU.ActiveCfg = Release|Any CPU
		{38695C14-4DA9-43F3-B956-C3DD66A58F55}.Release|Any CPU.Build.0 = Release|Any CPU
	EndGlobalSection
	GlobalSection(SolutionProperties) = preSolution
		HideSolutionNode = FALSE
	EndGlobalSection
	GlobalSection(ExtensibilityGlobals) = postSolution
		SolutionGuid = {08755E4F-D015-4E6A-BE77-32AF52B08301}
	EndGlobalSection
EndGlobal
